{
  "name": "swift-issue",
  "version": "1.0.0",
  "lockfileVersion": 1,
  "requires": true,
  "dependencies": {
    "@types/html2canvas": {
      "version": "0.0.34",
      "resolved": "https://registry.npmjs.org/@types/html2canvas/-/html2canvas-0.0.34.tgz",
      "integrity": "sha512-3QPSwsDp41ywVIqmqhKBANqOSLNzxDangNIHvsJREt8vG/B6c1HB01PSrO4B63JAy/mGbBJH6iU8aN7hKYOj3Q==",
      "optional": true,
      "requires": {
        "@types/jquery": "*"
      }
    },
    "@types/jquery": {
      "version": "3.3.10",
      "resolved": "https://registry.npmjs.org/@types/jquery/-/jquery-3.3.10.tgz",
      "integrity": "sha512-W2bE8pGh9Tsg8mxh+B6BSH8lTG6ZV7K2ZMAlEwSTqKFU1wMI5HShyRKSp3DngnxCmDu35tW3RAC4mxBFYRsTuw==",
      "optional": true
    },
    "@types/w3c-screen-orientation": {
      "version": "1.0.1",
      "resolved": "https://registry.npmjs.org/@types/w3c-screen-orientation/-/w3c-screen-orientation-1.0.1.tgz",
      "integrity": "sha512-dIKN+VbWsj1ZtnW4dKy1eKWqrycQfe0DGJxd48gh4QLNGyBJPhI+9JU0D3Cnlk8KsRjTyAZpozyjN+IcNg9n3g==",
      "optional": true
    },
    "base64-arraybuffer": {
      "version": "0.1.5",
      "resolved": "https://registry.npmjs.org/base64-arraybuffer/-/base64-arraybuffer-0.1.5.tgz",
      "integrity": "sha1-c5JncZI7Whl0etZmqlzUv5xunOg="
    },
    "css-line-break": {
      "version": "1.0.1",
      "resolved": "https://registry.npmjs.org/css-line-break/-/css-line-break-1.0.1.tgz",
      "integrity": "sha1-GfIGOjPpX7KDG4ZEbAuAwYivRQo=",
      "requires": {
        "base64-arraybuffer": "^0.1.5"
      }
    },
    "doctrine": {
      "version": "0.7.2",
      "resolved": "https://registry.npmjs.org/doctrine/-/doctrine-0.7.2.tgz",
      "integrity": "sha1-fLhgNZujvpDgQLJrcpzkv6ZUxSM=",
      "dev": true,
      "requires": {
        "esutils": "^1.1.6",
        "isarray": "0.0.1"
      }
    },
    "esutils": {
      "version": "1.1.6",
      "resolved": "https://registry.npmjs.org/esutils/-/esutils-1.1.6.tgz",
      "integrity": "sha1-wBzKqa5LiXxtDD4hCuUvPHqEQ3U=",
      "dev": true
    },
    "html2canvas": {
      "version": "1.0.0-alpha.12",
      "resolved": "https://registry.npmjs.org/html2canvas/-/html2canvas-1.0.0-alpha.12.tgz",
      "integrity": "sha1-OxmS48mz9WBjw1/WIElPN+uohRM=",
      "requires": {
        "css-line-break": "1.0.1"
      }
    },
    "isarray": {
      "version": "0.0.1",
      "resolved": "https://registry.npmjs.org/isarray/-/isarray-0.0.1.tgz",
      "integrity": "sha1-ihis/Kmo9Bd+Cav8YDiTmwXR7t8=",
      "dev": true
    },
    "stylelint-config-recommended": {
      "version": "2.1.0",
      "resolved": "https://registry.npmjs.org/stylelint-config-recommended/-/stylelint-config-recommended-2.1.0.tgz",
      "integrity": "sha512-ajMbivOD7JxdsnlS5945KYhvt7L/HwN6YeYF2BH6kE4UCLJR0YvXMf+2j7nQpJyYLZx9uZzU5G1ZOSBiWAc6yA==",
      "dev": true
    },
    "stylelint-config-standard": {
      "version": "18.2.0",
      "resolved": "https://registry.npmjs.org/stylelint-config-standard/-/stylelint-config-standard-18.2.0.tgz",
      "integrity": "sha512-07x0TaSIzvXlbOioUU4ORkCIM07kyIuojkbSVCyFWNVgXMXYHfhnQSCkqu+oHWJf3YADAnPGWzdJ53NxkoJ7RA==",
      "dev": true,
      "requires": {
        "stylelint-config-recommended": "^2.1.0"
      }
    },
    "tslib": {
      "version": "1.9.0",
      "resolved": "https://registry.npmjs.org/tslib/-/tslib-1.9.0.tgz",
      "integrity": "sha512-f/qGG2tUkrISBlQZEjEqoZ3B2+npJjIf04H1wuAv9iA8i04Icp+61KRXxFdha22670NJopsZCIjhC3SnjPRKrQ==",
      "dev": true
    },
    "tslint-config-standard": {
      "version": "8.0.1",
      "resolved": "https://registry.npmjs.org/tslint-config-standard/-/tslint-config-standard-8.0.1.tgz",
      "integrity": "sha512-OWG+NblgjQlVuUS/Dmq3ax2v5QDZwRx4L0kEuDi7qFY9UI6RJhhNfoCV1qI4el8Fw1c5a5BTrjQJP0/jhGXY/Q==",
      "dev": true,
      "requires": {
        "tslint-eslint-rules": "^5.3.1"
      }
    },
    "tslint-eslint-rules": {
      "version": "5.4.0",
      "resolved": "https://registry.npmjs.org/tslint-eslint-rules/-/tslint-eslint-rules-5.4.0.tgz",
      "integrity": "sha512-WlSXE+J2vY/VPgIcqQuijMQiel+UtmXS+4nvK4ZzlDiqBfXse8FAvkNnTcYhnQyOTW5KFM+uRRGXxYhFpuBc6w==",
      "dev": true,
      "requires": {
        "doctrine": "0.7.2",
        "tslib": "1.9.0",
        "tsutils": "^3.0.0"
      }
    },
    "tsutils": {
      "version": "3.0.0",
      "resolved": "https://registry.npmjs.org/tsutils/-/tsutils-3.0.0.tgz",
      "integrity": "sha512-LjHBWR0vWAUHWdIAoTjoqi56Kz+FDKBgVEuL+gVPG/Pv7QW5IdaDDeK9Txlr6U0Cmckp5EgCIq1T25qe3J6hyw==",
      "dev": true,
      "requires": {
        "tslib": "^1.8.1"
      }
    }
  }
}
